
Microsoft Visual Studio Solution File, Format Version 12.00
# Visual Studio Version 17
VisualStudioVersion = 17.14.36015.10 d17.14
MinimumVisualStudioVersion = 10.0.40219.1
Project("{FAE04EC0-301F-11D3-BF4B-00C04F79EFBC}") = "Stock System", "Stock System\Stock System.csproj", "{19B75CD0-ACB9-4BDB-BC91-3F56F33B8A66}"
EndProject
Global
	GlobalSection(SolutionConfigurationPlatforms) = preSolution
		Debug|Any CPU = Debug|Any CPU
		Release|Any CPU = Release|Any CPU
	EndGlobalSection
	GlobalSection(ProjectConfigurationPlatforms) = postSolution
		{19B75CD0-ACB9-4BDB-BC91-3F56F33B8A66}.Debug|Any CPU.ActiveCfg = Debug|Any CPU
		{19B75CD0-ACB9-4BDB-BC91-3F56F33B8A66}.Debug|Any CPU.Build.0 = Debug|Any CPU
		{19B75CD0-ACB9-4BDB-BC91-3F56F33B8A66}.Release|Any CPU.ActiveCfg = Release|Any CPU
		{19B75CD0-ACB9-4BDB-BC91-3F56F33B8A66}.Release|Any CPU.Build.0 = Release|Any CPU
	EndGlobalSection
	GlobalSection(SolutionProperties) = preSolution
		HideSolutionNode = FALSE
	EndGlobalSection
	GlobalSection(ExtensibilityGlobals) = postSolution
		SolutionGuid = {60FE58F4-3EC4-4460-BEDC-618435D10B77}
	EndGlobalSection
EndGlobal
